// !$*UTF8*$!
{
	archiveVersion = 1;
	classes = {
	};
	objectVersion = 46;
	objects = {

/* Begin PBXBuildFile section */
		18544CE71B942F4100043D73 /* CommonUtil.m in Sources */ = {isa = PBXBuildFile; fileRef = 18544CE61B942F4100043D73 /* CommonUtil.m */; };
		1876908F1B93E01C005791E0 /* RootViewController.m in Sources */ = {isa = PBXBuildFile; fileRef = 1876908E1B93E01C005791E0 /* RootViewController.m */; };
		18D5C5941B930E6D0074EEEC /* main.m in Sources */ = {isa = PBXBuildFile; fileRef = 18D5C5931B930E6D0074EEEC /* main.m */; };
		18D5C5971B930E6D0074EEEC /* AppDelegate.m in Sources */ = {isa = PBXBuildFile; fileRef = 18D5C5961B930E6D0074EEEC /* AppDelegate.m */; };
		18D5C59A1B930E6D0074EEEC /* colleage.xcdatamodeld in Sources */ = {isa = PBXBuildFile; fileRef = 18D5C5981B930E6D0074EEEC /* colleage.xcdatamodeld */; };
		18D5C59D1B930E6D0074EEEC /* ViewController.m in Sources */ = {isa = PBXBuildFile; fileRef = 18D5C59C1B930E6D0074EEEC /* ViewController.m */; };
		18D5C5A01B930E6D0074EEEC /* Main.storyboard in Resources */ = {isa = PBXBuildFile; fileRef = 18D5C59E1B930E6D0074EEEC /* Main.storyboard */; };
		18D5C5A21B930E6D0074EEEC /* Images.xcassets in Resources */ = {isa = PBXBuildFile; fileRef = 18D5C5A11B930E6D0074EEEC /* Images.xcassets */; };
		18D5C5A51B930E6E0074EEEC /* LaunchScreen.xib in Resources */ = {isa = PBXBuildFile; fileRef = 18D5C5A31B930E6E0074EEEC /* LaunchScreen.xib */; };
		18D5C5B11B930E6E0074EEEC /* colleageTests.m in Sources */ = {isa = PBXBuildFile; fileRef = 18D5C5B01B930E6E0074EEEC /* colleageTests.m */; };
		18D5C5DF1B9329660074EEEC /* HomeViewController.m in Sources */ = {isa = PBXBuildFile; fileRef = 18D5C5DE1B9329660074EEEC /* HomeViewController.m */; };
		18D5C5E21B9329BD0074EEEC /* StudyViewController.m in Sources */ = {isa = PBXBuildFile; fileRef = 18D5C5E11B9329BD0074EEEC /* StudyViewController.m */; };
		18D5C5E51B9329DF0074EEEC /* LifeViewController.m in Sources */ = {isa = PBXBuildFile; fileRef = 18D5C5E41B9329DF0074EEEC /* LifeViewController.m */; };
		18D5C5E81B9329FC0074EEEC /* FriendViewController.m in Sources */ = {isa = PBXBuildFile; fileRef = 18D5C5E71B9329FC0074EEEC /* FriendViewController.m */; };
		18D5C5EB1B932A150074EEEC /* CenterViewController.m in Sources */ = {isa = PBXBuildFile; fileRef = 18D5C5EA1B932A150074EEEC /* CenterViewController.m */; };
		18D5C5F71B93305C0074EEEC /* top_bar1@2x.png in Resources */ = {isa = PBXBuildFile; fileRef = 18D5C5EE1B93305C0074EEEC /* top_bar1@2x.png */; };
		18D5C5F81B93305C0074EEEC /* top_bar@2x.png in Resources */ = {isa = PBXBuildFile; fileRef = 18D5C5EF1B93305C0074EEEC /* top_bar@2x.png */; };
		18D5C5F91B93305C0074EEEC /* tab_icon1_@2x.png in Resources */ = {isa = PBXBuildFile; fileRef = 18D5C5F01B93305C0074EEEC /* tab_icon1_@2x.png */; };
		18D5C5FA1B93305C0074EEEC /* tab_icon1@2x.png in Resources */ = {isa = PBXBuildFile; fileRef = 18D5C5F11B93305C0074EEEC /* tab_icon1@2x.png */; };
		18D5C5FB1B93305C0074EEEC /* tab_icon2_@2x.png in Resources */ = {isa = PBXBuildFile; fileRef = 18D5C5F21B93305C0074EEEC /* tab_icon2_@2x.png */; };
		18D5C5FC1B93305C0074EEEC /* tab_icon2@2x.png in Resources */ = {isa = PBXBuildFile; fileRef = 18D5C5F31B93305C0074EEEC /* tab_icon2@2x.png */; };
		18D5C5FD1B93305C0074EEEC /* tab_icon3_@2x.png in Resources */ = {isa = PBXBuildFile; fileRef = 18D5C5F41B93305C0074EEEC /* tab_icon3_@2x.png */; };
		18D5C5FE1B93305C0074EEEC /* tab_icon3@2x.png in Resources */ = {isa = PBXBuildFile; fileRef = 18D5C5F51B93305C0074EEEC /* tab_icon3@2x.png */; };
		18D5C5FF1B93305C0074EEEC /* foot_bar@2x.png in Resources */ = {isa = PBXBuildFile; fileRef = 18D5C5F61B93305C0074EEEC /* foot_bar@2x.png */; };
		18DAAAB21B95439500B659CB /* LoginViewController.m in Sources */ = {isa = PBXBuildFile; fileRef = 18DAAAB11B95439500B659CB /* LoginViewController.m */; };
		18DAAAB41B954F1D00B659CB /* libsqlite3.dylib in Frameworks */ = {isa = PBXBuildFile; fileRef = 18DAAAB31B954F1D00B659CB /* libsqlite3.dylib */; };
		18DAAAB81B95531500B659CB /* BmobIM.framework in Frameworks */ = {isa = PBXBuildFile; fileRef = 18DAAAB61B95531500B659CB /* BmobIM.framework */; };
		18DAAAB91B95531500B659CB /* SDWebImage.framework in Frameworks */ = {isa = PBXBuildFile; fileRef = 18DAAAB71B95531500B659CB /* SDWebImage.framework */; };
		18DAAABB1B95551C00B659CB /* BmobSDK.framework in Frameworks */ = {isa = PBXBuildFile; fileRef = 18DAAABA1B95551C00B659CB /* BmobSDK.framework */; };
		18DAAABD1B9567E500B659CB /* libz.1.2.5.dylib in Frameworks */ = {isa = PBXBuildFile; fileRef = 18DAAABC1B9567E500B659CB /* libz.1.2.5.dylib */; };
		18DAAABF1B95684500B659CB /* libicucore.dylib in Frameworks */ = {isa = PBXBuildFile; fileRef = 18DAAABE1B95684500B659CB /* libicucore.dylib */; };
		18DB9EB61B95CB26003D2EC2 /* login_btn_@2x.png in Resources */ = {isa = PBXBuildFile; fileRef = 18DB9EAF1B95CB26003D2EC2 /* login_btn_@2x.png */; };
		18DB9EB71B95CB26003D2EC2 /* login_btn@2x.png in Resources */ = {isa = PBXBuildFile; fileRef = 18DB9EB01B95CB26003D2EC2 /* login_btn@2x.png */; };
		18DB9EB81B95CB26003D2EC2 /* common_line@2x.png in Resources */ = {isa = PBXBuildFile; fileRef = 18DB9EB11B95CB26003D2EC2 /* common_line@2x.png */; };
		18DB9EB91B95CB26003D2EC2 /* login_admin@2x.png in Resources */ = {isa = PBXBuildFile; fileRef = 18DB9EB21B95CB26003D2EC2 /* login_admin@2x.png */; };
		18DB9EBA1B95CB26003D2EC2 /* login_input@2x.png in Resources */ = {isa = PBXBuildFile; fileRef = 18DB9EB31B95CB26003D2EC2 /* login_input@2x.png */; };
		18DB9EBB1B95CB26003D2EC2 /* login_key@2x.png in Resources */ = {isa = PBXBuildFile; fileRef = 18DB9EB41B95CB26003D2EC2 /* login_key@2x.png */; };
		18DB9EBC1B95CB26003D2EC2 /* log@2x.png in Resources */ = {isa = PBXBuildFile; fileRef = 18DB9EB51B95CB26003D2EC2 /* log@2x.png */; };
		18DB9EBF1B968EA3003D2EC2 /* MBProgressHUD.m in Sources */ = {isa = PBXBuildFile; fileRef = 18DB9EBE1B968EA3003D2EC2 /* MBProgressHUD.m */; };
		18DB9EC51B969D14003D2EC2 /* UserService.m in Sources */ = {isa = PBXBuildFile; fileRef = 18DB9EC41B969D14003D2EC2 /* UserService.m */; };
		18DB9EC71B969E32003D2EC2 /* MapKit.framework in Frameworks */ = {isa = PBXBuildFile; fileRef = 18DB9EC61B969E32003D2EC2 /* MapKit.framework */; };
		18DB9ECC1B96D1FF003D2EC2 /* contact_add_@2x.png in Resources */ = {isa = PBXBuildFile; fileRef = 18DB9EC91B96D1FF003D2EC2 /* contact_add_@2x.png */; };
		18DB9ECD1B96D1FF003D2EC2 /* contact_add@2x.png in Resources */ = {isa = PBXBuildFile; fileRef = 18DB9ECA1B96D1FF003D2EC2 /* contact_add@2x.png */; };
		18DB9ED91B96EB09003D2EC2 /* ContactTableViewController.m in Sources */ = {isa = PBXBuildFile; fileRef = 18DB9ED81B96EB09003D2EC2 /* ContactTableViewController.m */; };
		18DC72C61B949817009E3A85 /* RecentTableViewCell.m in Sources */ = {isa = PBXBuildFile; fileRef = 18DC72C51B949817009E3A85 /* RecentTableViewCell.m */; };
		18E66B5C1B9314F700E3136A /* TableViewController.m in Sources */ = {isa = PBXBuildFile; fileRef = 18E66B5B1B9314F700E3136A /* TableViewController.m */; };
/* End PBXBuildFile section */

/* Begin PBXContainerItemProxy section */
		18D5C5AB1B930E6E0074EEEC /* PBXContainerItemProxy */ = {
			isa = PBXContainerItemProxy;
			containerPortal = 18D5C5861B930E6D0074EEEC /* Project object */;
			proxyType = 1;
			remoteGlobalIDString = 18D5C58D1B930E6D0074EEEC;
			remoteInfo = colleage;
		};
/* End PBXContainerItemProxy section */

/* Begin PBXFileReference section */
		18544CE51B942F4100043D73 /* CommonUtil.h */ = {isa = PBXFileReference; fileEncoding = 4; lastKnownFileType = sourcecode.c.h; path = CommonUtil.h; sourceTree = "<group>"; };
		18544CE61B942F4100043D73 /* CommonUtil.m */ = {isa = PBXFileReference; fileEncoding = 4; lastKnownFileType = sourcecode.c.objc; path = CommonUtil.m; sourceTree = "<group>"; };
		1876908D1B93E01C005791E0 /* RootViewController.h */ = {isa = PBXFileReference; fileEncoding = 4; lastKnownFileType = sourcecode.c.h; path = RootViewController.h; sourceTree = "<group>"; };
		1876908E1B93E01C005791E0 /* RootViewController.m */ = {isa = PBXFileReference; fileEncoding = 4; lastKnownFileType = sourcecode.c.objc; path = RootViewController.m; sourceTree = "<group>"; };
		187690931B93E876005791E0 /* colleage-PrefixHeader.pch */ = {isa = PBXFileReference; fileEncoding = 4; lastKnownFileType = sourcecode.c.h; path = "colleage-PrefixHeader.pch"; sourceTree = "<group>"; };
		18D5C58E1B930E6D0074EEEC /* colleage.app */ = {isa = PBXFileReference; explicitFileType = wrapper.application; includeInIndex = 0; path = colleage.app; sourceTree = BUILT_PRODUCTS_DIR; };
		18D5C5921B930E6D0074EEEC /* Info.plist */ = {isa = PBXFileReference; lastKnownFileType = text.plist.xml; path = Info.plist; sourceTree = "<group>"; };
		18D5C5931B930E6D0074EEEC /* main.m */ = {isa = PBXFileReference; lastKnownFileType = sourcecode.c.objc; path = main.m; sourceTree = "<group>"; };
		18D5C5951B930E6D0074EEEC /* AppDelegate.h */ = {isa = PBXFileReference; lastKnownFileType = sourcecode.c.h; path = AppDelegate.h; sourceTree = "<group>"; };
		18D5C5961B930E6D0074EEEC /* AppDelegate.m */ = {isa = PBXFileReference; lastKnownFileType = sourcecode.c.objc; path = AppDelegate.m; sourceTree = "<group>"; };
		18D5C5991B930E6D0074EEEC /* colleage.xcdatamodel */ = {isa = PBXFileReference; lastKnownFileType = wrapper.xcdatamodel; path = colleage.xcdatamodel; sourceTree = "<group>"; };
		18D5C59B1B930E6D0074EEEC /* ViewController.h */ = {isa = PBXFileReference; lastKnownFileType = sourcecode.c.h; path = ViewController.h; sourceTree = "<group>"; };
		18D5C59C1B930E6D0074EEEC /* ViewController.m */ = {isa = PBXFileReference; lastKnownFileType = sourcecode.c.objc; path = ViewController.m; sourceTree = "<group>"; };
		18D5C59F1B930E6D0074EEEC /* Base */ = {isa = PBXFileReference; lastKnownFileType = file.storyboard; name = Base; path = Base.lproj/Main.storyboard; sourceTree = "<group>"; };
		18D5C5A11B930E6D0074EEEC /* Images.xcassets */ = {isa = PBXFileReference; lastKnownFileType = folder.assetcatalog; path = Images.xcassets; sourceTree = "<group>"; };
		18D5C5A41B930E6E0074EEEC /* Base */ = {isa = PBXFileReference; lastKnownFileType = file.xib; name = Base; path = Base.lproj/LaunchScreen.xib; sourceTree = "<group>"; };
		18D5C5AA1B930E6E0074EEEC /* colleageTests.xctest */ = {isa = PBXFileReference; explicitFileType = wrapper.cfbundle; includeInIndex = 0; path = colleageTests.xctest; sourceTree = BUILT_PRODUCTS_DIR; };
		18D5C5AF1B930E6E0074EEEC /* Info.plist */ = {isa = PBXFileReference; lastKnownFileType = text.plist.xml; path = Info.plist; sourceTree = "<group>"; };
		18D5C5B01B930E6E0074EEEC /* colleageTests.m */ = {isa = PBXFileReference; lastKnownFileType = sourcecode.c.objc; path = colleageTests.m; sourceTree = "<group>"; };
		18D5C5DD1B9329660074EEEC /* HomeViewController.h */ = {isa = PBXFileReference; fileEncoding = 4; lastKnownFileType = sourcecode.c.h; path = HomeViewController.h; sourceTree = "<group>"; };
		18D5C5DE1B9329660074EEEC /* HomeViewController.m */ = {isa = PBXFileReference; fileEncoding = 4; lastKnownFileType = sourcecode.c.objc; path = HomeViewController.m; sourceTree = "<group>"; };
		18D5C5E01B9329BD0074EEEC /* StudyViewController.h */ = {isa = PBXFileReference; fileEncoding = 4; lastKnownFileType = sourcecode.c.h; path = StudyViewController.h; sourceTree = "<group>"; };
		18D5C5E11B9329BD0074EEEC /* StudyViewController.m */ = {isa = PBXFileReference; fileEncoding = 4; lastKnownFileType = sourcecode.c.objc; path = StudyViewController.m; sourceTree = "<group>"; };
		18D5C5E31B9329DF0074EEEC /* LifeViewController.h */ = {isa = PBXFileReference; fileEncoding = 4; lastKnownFileType = sourcecode.c.h; path = LifeViewController.h; sourceTree = "<group>"; };
		18D5C5E41B9329DF0074EEEC /* LifeViewController.m */ = {isa = PBXFileReference; fileEncoding = 4; lastKnownFileType = sourcecode.c.objc; path = LifeViewController.m; sourceTree = "<group>"; };
		18D5C5E61B9329FC0074EEEC /* FriendViewController.h */ = {isa = PBXFileReference; fileEncoding = 4; lastKnownFileType = sourcecode.c.h; path = FriendViewController.h; sourceTree = "<group>"; };
		18D5C5E71B9329FC0074EEEC /* FriendViewController.m */ = {isa = PBXFileReference; fileEncoding = 4; lastKnownFileType = sourcecode.c.objc; path = FriendViewController.m; sourceTree = "<group>"; };
		18D5C5E91B932A150074EEEC /* CenterViewController.h */ = {isa = PBXFileReference; fileEncoding = 4; lastKnownFileType = sourcecode.c.h; path = CenterViewController.h; sourceTree = "<group>"; };
		18D5C5EA1B932A150074EEEC /* CenterViewController.m */ = {isa = PBXFileReference; fileEncoding = 4; lastKnownFileType = sourcecode.c.objc; path = CenterViewController.m; sourceTree = "<group>"; };
		18D5C5EE1B93305C0074EEEC /* top_bar1@2x.png */ = {isa = PBXFileReference; lastKnownFileType = image.png; path = "top_bar1@2x.png"; sourceTree = "<group>"; };
		18D5C5EF1B93305C0074EEEC /* top_bar@2x.png */ = {isa = PBXFileReference; lastKnownFileType = image.png; path = "top_bar@2x.png"; sourceTree = "<group>"; };
		18D5C5F01B93305C0074EEEC /* tab_icon1_@2x.png */ = {isa = PBXFileReference; lastKnownFileType = image.png; path = "tab_icon1_@2x.png"; sourceTree = "<group>"; };
		18D5C5F11B93305C0074EEEC /* tab_icon1@2x.png */ = {isa = PBXFileReference; lastKnownFileType = image.png; path = "tab_icon1@2x.png"; sourceTree = "<group>"; };
		18D5C5F21B93305C0074EEEC /* tab_icon2_@2x.png */ = {isa = PBXFileReference; lastKnownFileType = image.png; path = "tab_icon2_@2x.png"; sourceTree = "<group>"; };
		18D5C5F31B93305C0074EEEC /* tab_icon2@2x.png */ = {isa = PBXFileReference; lastKnownFileType = image.png; path = "tab_icon2@2x.png"; sourceTree = "<group>"; };
		18D5C5F41B93305C0074EEEC /* tab_icon3_@2x.png */ = {isa = PBXFileReference; lastKnownFileType = image.png; path = "tab_icon3_@2x.png"; sourceTree = "<group>"; };
		18D5C5F51B93305C0074EEEC /* tab_icon3@2x.png */ = {isa = PBXFileReference; lastKnownFileType = image.png; path = "tab_icon3@2x.png"; sourceTree = "<group>"; };
		18D5C5F61B93305C0074EEEC /* foot_bar@2x.png */ = {isa = PBXFileReference; lastKnownFileType = image.png; path = "foot_bar@2x.png"; sourceTree = "<group>"; };
		18DAAAB01B95439500B659CB /* LoginViewController.h */ = {isa = PBXFileReference; fileEncoding = 4; lastKnownFileType = sourcecode.c.h; path = LoginViewController.h; sourceTree = "<group>"; };
		18DAAAB11B95439500B659CB /* LoginViewController.m */ = {isa = PBXFileReference; fileEncoding = 4; lastKnownFileType = sourcecode.c.objc; path = LoginViewController.m; sourceTree = "<group>"; };
		18DAAAB31B954F1D00B659CB /* libsqlite3.dylib */ = {isa = PBXFileReference; lastKnownFileType = "compiled.mach-o.dylib"; name = libsqlite3.dylib; path = usr/lib/libsqlite3.dylib; sourceTree = SDKROOT; };
		18DAAAB61B95531500B659CB /* BmobIM.framework */ = {isa = PBXFileReference; lastKnownFileType = wrapper.framework; path = BmobIM.framework; sourceTree = "<group>"; };
		18DAAAB71B95531500B659CB /* SDWebImage.framework */ = {isa = PBXFileReference; lastKnownFileType = wrapper.framework; path = SDWebImage.framework; sourceTree = "<group>"; };
		18DAAABA1B95551C00B659CB /* BmobSDK.framework */ = {isa = PBXFileReference; lastKnownFileType = wrapper.framework; path = BmobSDK.framework; sourceTree = "<group>"; };
		18DAAABC1B9567E500B659CB /* libz.1.2.5.dylib */ = {isa = PBXFileReference; lastKnownFileType = "compiled.mach-o.dylib"; name = libz.1.2.5.dylib; path = usr/lib/libz.1.2.5.dylib; sourceTree = SDKROOT; };
		18DAAABE1B95684500B659CB /* libicucore.dylib */ = {isa = PBXFileReference; lastKnownFileType = "compiled.mach-o.dylib"; name = libicucore.dylib; path = usr/lib/libicucore.dylib; sourceTree = SDKROOT; };
		18DB9EAF1B95CB26003D2EC2 /* login_btn_@2x.png */ = {isa = PBXFileReference; lastKnownFileType = image.png; path = "login_btn_@2x.png"; sourceTree = "<group>"; };
		18DB9EB01B95CB26003D2EC2 /* login_btn@2x.png */ = {isa = PBXFileReference; lastKnownFileType = image.png; path = "login_btn@2x.png"; sourceTree = "<group>"; };
		18DB9EB11B95CB26003D2EC2 /* common_line@2x.png */ = {isa = PBXFileReference; lastKnownFileType = image.png; path = "common_line@2x.png"; sourceTree = "<group>"; };
		18DB9EB21B95CB26003D2EC2 /* login_admin@2x.png */ = {isa = PBXFileReference; lastKnownFileType = image.png; path = "login_admin@2x.png"; sourceTree = "<group>"; };
		18DB9EB31B95CB26003D2EC2 /* login_input@2x.png */ = {isa = PBXFileReference; lastKnownFileType = image.png; path = "login_input@2x.png"; sourceTree = "<group>"; };
		18DB9EB41B95CB26003D2EC2 /* login_key@2x.png */ = {isa = PBXFileReference; lastKnownFileType = image.png; path = "login_key@2x.png"; sourceTree = "<group>"; };
		18DB9EB51B95CB26003D2EC2 /* log@2x.png */ = {isa = PBXFileReference; lastKnownFileType = image.png; path = "log@2x.png"; sourceTree = "<group>"; };
		18DB9EBD1B968EA3003D2EC2 /* MBProgressHUD.h */ = {isa = PBXFileReference; fileEncoding = 4; lastKnownFileType = sourcecode.c.h; path = MBProgressHUD.h; sourceTree = "<group>"; };
		18DB9EBE1B968EA3003D2EC2 /* MBProgressHUD.m */ = {isa = PBXFileReference; fileEncoding = 4; lastKnownFileType = sourcecode.c.objc; path = MBProgressHUD.m; sourceTree = "<group>"; };
		18DB9EC31B969D14003D2EC2 /* UserService.h */ = {isa = PBXFileReference; fileEncoding = 4; lastKnownFileType = sourcecode.c.h; path = UserService.h; sourceTree = "<group>"; };
		18DB9EC41B969D14003D2EC2 /* UserService.m */ = {isa = PBXFileReference; fileEncoding = 4; lastKnownFileType = sourcecode.c.objc; path = UserService.m; sourceTree = "<group>"; };
		18DB9EC61B969E32003D2EC2 /* MapKit.framework */ = {isa = PBXFileReference; lastKnownFileType = wrapper.framework; name = MapKit.framework; path = System/Library/Frameworks/MapKit.framework; sourceTree = SDKROOT; };
		18DB9EC91B96D1FF003D2EC2 /* contact_add_@2x.png */ = {isa = PBXFileReference; lastKnownFileType = image.png; path = "contact_add_@2x.png"; sourceTree = "<group>"; };
		18DB9ECA1B96D1FF003D2EC2 /* contact_add@2x.png */ = {isa = PBXFileReference; lastKnownFileType = image.png; path = "contact_add@2x.png"; sourceTree = "<group>"; };
		18DB9ED71B96EB09003D2EC2 /* ContactTableViewController.h */ = {isa = PBXFileReference; fileEncoding = 4; lastKnownFileType = sourcecode.c.h; path = ContactTableViewController.h; sourceTree = "<group>"; };
		18DB9ED81B96EB09003D2EC2 /* ContactTableViewController.m */ = {isa = PBXFileReference; fileEncoding = 4; lastKnownFileType = sourcecode.c.objc; path = ContactTableViewController.m; sourceTree = "<group>"; };
		18DC72C41B949817009E3A85 /* RecentTableViewCell.h */ = {isa = PBXFileReference; fileEncoding = 4; lastKnownFileType = sourcecode.c.h; path = RecentTableViewCell.h; sourceTree = "<group>"; };
		18DC72C51B949817009E3A85 /* RecentTableViewCell.m */ = {isa = PBXFileReference; fileEncoding = 4; lastKnownFileType = sourcecode.c.objc; path = RecentTableViewCell.m; sourceTree = "<group>"; };
		18E66B5A1B9314F700E3136A /* TableViewController.h */ = {isa = PBXFileReference; fileEncoding = 4; lastKnownFileType = sourcecode.c.h; path = TableViewController.h; sourceTree = "<group>"; };
		18E66B5B1B9314F700E3136A /* TableViewController.m */ = {isa = PBXFileReference; fileEncoding = 4; lastKnownFileType = sourcecode.c.objc; path = TableViewController.m; sourceTree = "<group>"; };
/* End PBXFileReference section */

/* Begin PBXFrameworksBuildPhase section */
		18D5C58B1B930E6D0074EEEC /* Frameworks */ = {
			isa = PBXFrameworksBuildPhase;
			buildActionMask = 2147483647;
			files = (
				18DB9EC71B969E32003D2EC2 /* MapKit.framework in Frameworks */,
				18DAAABF1B95684500B659CB /* libicucore.dylib in Frameworks */,
				18DAAABD1B9567E500B659CB /* libz.1.2.5.dylib in Frameworks */,
				18DAAABB1B95551C00B659CB /* BmobSDK.framework in Frameworks */,
				18DAAAB81B95531500B659CB /* BmobIM.framework in Frameworks */,
				18DAAAB91B95531500B659CB /* SDWebImage.framework in Frameworks */,
				18DAAAB41B954F1D00B659CB /* libsqlite3.dylib in Frameworks */,
			);
			runOnlyForDeploymentPostprocessing = 0;
		};
		18D5C5A71B930E6E0074EEEC /* Frameworks */ = {
			isa = PBXFrameworksBuildPhase;
			buildActionMask = 2147483647;
			files = (
			);
			runOnlyForDeploymentPostprocessing = 0;
		};
/* End PBXFrameworksBuildPhase section */

/* Begin PBXGroup section */
		187690891B93D958005791E0 /* util */ = {
			isa = PBXGroup;
			children = (
				18DB9EC31B969D14003D2EC2 /* UserService.h */,
				18DB9EC41B969D14003D2EC2 /* UserService.m */,
				18DB9EBD1B968EA3003D2EC2 /* MBProgressHUD.h */,
				18DB9EBE1B968EA3003D2EC2 /* MBProgressHUD.m */,
				18544CE51B942F4100043D73 /* CommonUtil.h */,
				18544CE61B942F4100043D73 /* CommonUtil.m */,
			);
			name = util;
			sourceTree = "<group>";
		};
		18D5C5851B930E6D0074EEEC = {
			isa = PBXGroup;
			children = (
				18D5C5901B930E6D0074EEEC /* colleage */,
				18D7367A1B940B54004F6847 /* Frameworks */,
				18D5C5AD1B930E6E0074EEEC /* colleageTests */,
				18D5C58F1B930E6D0074EEEC /* Products */,
			);
			sourceTree = "<group>";
		};
		18D5C58F1B930E6D0074EEEC /* Products */ = {
			isa = PBXGroup;
			children = (
				18D5C58E1B930E6D0074EEEC /* colleage.app */,
				18D5C5AA1B930E6E0074EEEC /* colleageTests.xctest */,
			);
			name = Products;
			sourceTree = "<group>";
		};
		18D5C5901B930E6D0074EEEC /* colleage */ = {
			isa = PBXGroup;
			children = (
				18D5C5BF1B9321AD0074EEEC /* model */,
				18D5C5BE1B93219E0074EEEC /* view */,
				18D5C5BD1B9321890074EEEC /* controller */,
				18E66B5A1B9314F700E3136A /* TableViewController.h */,
				18E66B5B1B9314F700E3136A /* TableViewController.m */,
				18D5C5951B930E6D0074EEEC /* AppDelegate.h */,
				18D5C5961B930E6D0074EEEC /* AppDelegate.m */,
				18D5C59B1B930E6D0074EEEC /* ViewController.h */,
				18D5C59C1B930E6D0074EEEC /* ViewController.m */,
				18D5C59E1B930E6D0074EEEC /* Main.storyboard */,
				18D5C5A11B930E6D0074EEEC /* Images.xcassets */,
				18D5C5A31B930E6E0074EEEC /* LaunchScreen.xib */,
				18D5C5981B930E6D0074EEEC /* colleage.xcdatamodeld */,
				18D5C5911B930E6D0074EEEC /* Supporting Files */,
			);
			path = colleage;
			sourceTree = "<group>";
		};
		18D5C5911B930E6D0074EEEC /* Supporting Files */ = {
			isa = PBXGroup;
			children = (
				187690891B93D958005791E0 /* util */,
				18D5C5EC1B93302E0074EEEC /* images */,
				18D5C5921B930E6D0074EEEC /* Info.plist */,
				18D5C5931B930E6D0074EEEC /* main.m */,
				187690931B93E876005791E0 /* colleage-PrefixHeader.pch */,
			);
			name = "Supporting Files";
			sourceTree = "<group>";
		};
		18D5C5AD1B930E6E0074EEEC /* colleageTests */ = {
			isa = PBXGroup;
			children = (
				18D5C5B01B930E6E0074EEEC /* colleageTests.m */,
				18D5C5AE1B930E6E0074EEEC /* Supporting Files */,
			);
			path = colleageTests;
			sourceTree = "<group>";
		};
		18D5C5AE1B930E6E0074EEEC /* Supporting Files */ = {
			isa = PBXGroup;
			children = (
				18D5C5AF1B930E6E0074EEEC /* Info.plist */,
			);
			name = "Supporting Files";
			sourceTree = "<group>";
		};
		18D5C5BD1B9321890074EEEC /* controller */ = {
			isa = PBXGroup;
			children = (
				1876908D1B93E01C005791E0 /* RootViewController.h */,
				1876908E1B93E01C005791E0 /* RootViewController.m */,
				18DAAAB01B95439500B659CB /* LoginViewController.h */,
				18DAAAB11B95439500B659CB /* LoginViewController.m */,
				18D5C5D61B9325370074EEEC /* 主题约会 */,
				18D5C5D51B9325270074EEEC /* 约旅游 */,
				18D5C5D41B93251C0074EEEC /* 约体育竞技 */,
				18D5C5D31B93250B0074EEEC /* 约游戏竞技 */,
				18D5C5D21B9324FF0074EEEC /* 约看电影 */,
				18D5C5D11B9324F70074EEEC /* 约唱歌 */,
				18D5C5D01B9324DD0074EEEC /* 约吃饭 */,
				18D5C5CC1B93242A0074EEEC /* 我的作业 */,
				18D5C5CB1B9323E40074EEEC /* 二手市场 */,
				18D5C5CA1B9323DC0074EEEC /* 学生互帮 */,
				18D5C5C91B9323D30074EEEC /* 拼车回家 */,
				18D5C5C81B9323C70074EEEC /* 学生合租 */,
				18D5C5C71B9323BE0074EEEC /* 食物招领 */,
				18D5C5C51B93228D0074EEEC /* 校园兼职 */,
				18D5C5C41B9322750074EEEC /* 用户中心 */,
				18D5C5C31B93226C0074EEEC /* 朋友 */,
				18D5C5C21B9322600074EEEC /* 生活 */,
				18D5C5C11B9322490074EEEC /* 学习 */,
				18D5C5C01B93222C0074EEEC /* 首页 */,
			);
			name = controller;
			sourceTree = "<group>";
		};
		18D5C5BE1B93219E0074EEEC /* view */ = {
			isa = PBXGroup;
			children = (
				18DC72C41B949817009E3A85 /* RecentTableViewCell.h */,
				18DC72C51B949817009E3A85 /* RecentTableViewCell.m */,
			);
			name = view;
			sourceTree = "<group>";
		};
		18D5C5BF1B9321AD0074EEEC /* model */ = {
			isa = PBXGroup;
			children = (
			);
			name = model;
			sourceTree = "<group>";
		};
		18D5C5C01B93222C0074EEEC /* 首页 */ = {
			isa = PBXGroup;
			children = (
				18D5C5DD1B9329660074EEEC /* HomeViewController.h */,
				18D5C5DE1B9329660074EEEC /* HomeViewController.m */,
			);
			name = "首页";
			sourceTree = "<group>";
		};
		18D5C5C11B9322490074EEEC /* 学习 */ = {
			isa = PBXGroup;
			children = (
				18D5C5E01B9329BD0074EEEC /* StudyViewController.h */,
				18D5C5E11B9329BD0074EEEC /* StudyViewController.m */,
			);
			name = "学习";
			sourceTree = "<group>";
		};
		18D5C5C21B9322600074EEEC /* 生活 */ = {
			isa = PBXGroup;
			children = (
				18D5C5E31B9329DF0074EEEC /* LifeViewController.h */,
				18D5C5E41B9329DF0074EEEC /* LifeViewController.m */,
			);
			name = "生活";
			sourceTree = "<group>";
		};
		18D5C5C31B93226C0074EEEC /* 朋友 */ = {
			isa = PBXGroup;
			children = (
				18D5C5E61B9329FC0074EEEC /* FriendViewController.h */,
				18D5C5E71B9329FC0074EEEC /* FriendViewController.m */,
				18DB9ED71B96EB09003D2EC2 /* ContactTableViewController.h */,
				18DB9ED81B96EB09003D2EC2 /* ContactTableViewController.m */,
			);
			name = "朋友";
			sourceTree = "<group>";
		};
		18D5C5C41B9322750074EEEC /* 用户中心 */ = {
			isa = PBXGroup;
			children = (
				18D5C5E91B932A150074EEEC /* CenterViewController.h */,
				18D5C5EA1B932A150074EEEC /* CenterViewController.m */,
			);
			name = "用户中心";
			sourceTree = "<group>";
		};
		18D5C5C51B93228D0074EEEC /* 校园兼职 */ = {
			isa = PBXGroup;
			children = (
			);
			name = "校园兼职";
			sourceTree = "<group>";
		};
		18D5C5C71B9323BE0074EEEC /* 食物招领 */ = {
			isa = PBXGroup;
			children = (
			);
			name = "食物招领";
			sourceTree = "<group>";
		};
		18D5C5C81B9323C70074EEEC /* 学生合租 */ = {
			isa = PBXGroup;
			children = (
			);
			name = "学生合租";
			sourceTree = "<group>";
		};
		18D5C5C91B9323D30074EEEC /* 拼车回家 */ = {
			isa = PBXGroup;
			children = (
			);
			name = "拼车回家";
			sourceTree = "<group>";
		};
		18D5C5CA1B9323DC0074EEEC /* 学生互帮 */ = {
			isa = PBXGroup;
			children = (
			);
			name = "学生互帮";
			sourceTree = "<group>";
		};
		18D5C5CB1B9323E40074EEEC /* 二手市场 */ = {
			isa = PBXGroup;
			children = (
			);
			name = "二手市场";
			sourceTree = "<group>";
		};
		18D5C5CC1B93242A0074EEEC /* 我的作业 */ = {
			isa = PBXGroup;
			children = (
			);
			name = "我的作业";
			sourceTree = "<group>";
		};
		18D5C5D01B9324DD0074EEEC /* 约吃饭 */ = {
			isa = PBXGroup;
			children = (
			);
			name = "约吃饭";
			sourceTree = "<group>";
		};
		18D5C5D11B9324F70074EEEC /* 约唱歌 */ = {
			isa = PBXGroup;
			children = (
			);
			name = "约唱歌";
			sourceTree = "<group>";
		};
		18D5C5D21B9324FF0074EEEC /* 约看电影 */ = {
			isa = PBXGroup;
			children = (
			);
			name = "约看电影";
			sourceTree = "<group>";
		};
		18D5C5D31B93250B0074EEEC /* 约游戏竞技 */ = {
			isa = PBXGroup;
			children = (
			);
			name = "约游戏竞技";
			sourceTree = "<group>";
		};
		18D5C5D41B93251C0074EEEC /* 约体育竞技 */ = {
			isa = PBXGroup;
			children = (
			);
			name = "约体育竞技";
			sourceTree = "<group>";
		};
		18D5C5D51B9325270074EEEC /* 约旅游 */ = {
			isa = PBXGroup;
			children = (
			);
			name = "约旅游";
			sourceTree = "<group>";
		};
		18D5C5D61B9325370074EEEC /* 主题约会 */ = {
			isa = PBXGroup;
			children = (
			);
			name = "主题约会";
			sourceTree = "<group>";
		};
		18D5C5EC1B93302E0074EEEC /* images */ = {
			isa = PBXGroup;
			children = (
				18DB9EC91B96D1FF003D2EC2 /* contact_add_@2x.png */,
				18DB9ECA1B96D1FF003D2EC2 /* contact_add@2x.png */,
				18DB9EAE1B95CA8F003D2EC2 /* login */,
				18D5C5ED1B9330420074EEEC /* root */,
			);
			name = images;
			sourceTree = "<group>";
		};
		18D5C5ED1B9330420074EEEC /* root */ = {
			isa = PBXGroup;
			children = (
				18D5C5EE1B93305C0074EEEC /* top_bar1@2x.png */,
				18D5C5EF1B93305C0074EEEC /* top_bar@2x.png */,
				18D5C5F01B93305C0074EEEC /* tab_icon1_@2x.png */,
				18D5C5F11B93305C0074EEEC /* tab_icon1@2x.png */,
				18D5C5F21B93305C0074EEEC /* tab_icon2_@2x.png */,
				18D5C5F31B93305C0074EEEC /* tab_icon2@2x.png */,
				18D5C5F41B93305C0074EEEC /* tab_icon3_@2x.png */,
				18D5C5F51B93305C0074EEEC /* tab_icon3@2x.png */,
				18D5C5F61B93305C0074EEEC /* foot_bar@2x.png */,
			);
			name = root;
			sourceTree = "<group>";
		};
		18D7367A1B940B54004F6847 /* Frameworks */ = {
			isa = PBXGroup;
			children = (
				18DB9EC61B969E32003D2EC2 /* MapKit.framework */,
				18DAAABE1B95684500B659CB /* libicucore.dylib */,
				18DAAABC1B9567E500B659CB /* libz.1.2.5.dylib */,
				18DAAABA1B95551C00B659CB /* BmobSDK.framework */,
				18DAAAB61B95531500B659CB /* BmobIM.framework */,
				18DAAAB71B95531500B659CB /* SDWebImage.framework */,
				18DAAAB31B954F1D00B659CB /* libsqlite3.dylib */,
			);
			name = Frameworks;
			sourceTree = "<group>";
		};
		18DB9EAE1B95CA8F003D2EC2 /* login */ = {
			isa = PBXGroup;
			children = (
				18DB9EAF1B95CB26003D2EC2 /* login_btn_@2x.png */,
				18DB9EB01B95CB26003D2EC2 /* login_btn@2x.png */,
				18DB9EB11B95CB26003D2EC2 /* common_line@2x.png */,
				18DB9EB21B95CB26003D2EC2 /* login_admin@2x.png */,
				18DB9EB31B95CB26003D2EC2 /* login_input@2x.png */,
				18DB9EB41B95CB26003D2EC2 /* login_key@2x.png */,
				18DB9EB51B95CB26003D2EC2 /* log@2x.png */,
			);
			name = login;
			sourceTree = "<group>";
		};
/* End PBXGroup section */

/* Begin PBXNativeTarget section */
		18D5C58D1B930E6D0074EEEC /* colleage */ = {
			isa = PBXNativeTarget;
			buildConfigurationList = 18D5C5B41B930E6E0074EEEC /* Build configuration list for PBXNativeTarget "colleage" */;
			buildPhases = (
				18D5C58A1B930E6D0074EEEC /* Sources */,
				18D5C58B1B930E6D0074EEEC /* Frameworks */,
				18D5C58C1B930E6D0074EEEC /* Resources */,
			);
			buildRules = (
			);
			dependencies = (
			);
			name = colleage;
			productName = colleage;
			productReference = 18D5C58E1B930E6D0074EEEC /* colleage.app */;
			productType = "com.apple.product-type.application";
		};
		18D5C5A91B930E6E0074EEEC /* colleageTests */ = {
			isa = PBXNativeTarget;
			buildConfigurationList = 18D5C5B71B930E6E0074EEEC /* Build configuration list for PBXNativeTarget "colleageTests" */;
			buildPhases = (
				18D5C5A61B930E6E0074EEEC /* Sources */,
				18D5C5A71B930E6E0074EEEC /* Frameworks */,
				18D5C5A81B930E6E0074EEEC /* Resources */,
			);
			buildRules = (
			);
			dependencies = (
				18D5C5AC1B930E6E0074EEEC /* PBXTargetDependency */,
			);
			name = colleageTests;
			productName = colleageTests;
			productReference = 18D5C5AA1B930E6E0074EEEC /* colleageTests.xctest */;
			productType = "com.apple.product-type.bundle.unit-test";
		};
/* End PBXNativeTarget section */

/* Begin PBXProject section */
		18D5C5861B930E6D0074EEEC /* Project object */ = {
			isa = PBXProject;
			attributes = {
				LastUpgradeCheck = 0640;
				ORGANIZATIONNAME = Apple;
				TargetAttributes = {
					18D5C58D1B930E6D0074EEEC = {
						CreatedOnToolsVersion = 6.4;
					};
					18D5C5A91B930E6E0074EEEC = {
						CreatedOnToolsVersion = 6.4;
						TestTargetID = 18D5C58D1B930E6D0074EEEC;
					};
				};
			};
			buildConfigurationList = 18D5C5891B930E6D0074EEEC /* Build configuration list for PBXProject "colleage" */;
			compatibilityVersion = "Xcode 3.2";
			developmentRegion = English;
			hasScannedForEncodings = 0;
			knownRegions = (
				en,
				Base,
			);
			mainGroup = 18D5C5851B930E6D0074EEEC;
			productRefGroup = 18D5C58F1B930E6D0074EEEC /* Products */;
			projectDirPath = "";
			projectRoot = "";
			targets = (
				18D5C58D1B930E6D0074EEEC /* colleage */,
				18D5C5A91B930E6E0074EEEC /* colleageTests */,
			);
		};
/* End PBXProject section */

/* Begin PBXResourcesBuildPhase section */
		18D5C58C1B930E6D0074EEEC /* Resources */ = {
			isa = PBXResourcesBuildPhase;
			buildActionMask = 2147483647;
			files = (
				18DB9EB91B95CB26003D2EC2 /* login_admin@2x.png in Resources */,
				18D5C5F81B93305C0074EEEC /* top_bar@2x.png in Resources */,
				18D5C5F71B93305C0074EEEC /* top_bar1@2x.png in Resources */,
				18DB9EB81B95CB26003D2EC2 /* common_line@2x.png in Resources */,
				18D5C5FC1B93305C0074EEEC /* tab_icon2@2x.png in Resources */,
				18DB9EB71B95CB26003D2EC2 /* login_btn@2x.png in Resources */,
				18DB9EB61B95CB26003D2EC2 /* login_btn_@2x.png in Resources */,
				18D5C5A01B930E6D0074EEEC /* Main.storyboard in Resources */,
				18D5C5FF1B93305C0074EEEC /* foot_bar@2x.png in Resources */,
				18D5C5FA1B93305C0074EEEC /* tab_icon1@2x.png in Resources */,
				18D5C5F91B93305C0074EEEC /* tab_icon1_@2x.png in Resources */,
				18D5C5FE1B93305C0074EEEC /* tab_icon3@2x.png in Resources */,
				18D5C5A51B930E6E0074EEEC /* LaunchScreen.xib in Resources */,
				18D5C5FD1B93305C0074EEEC /* tab_icon3_@2x.png in Resources */,
				18DB9ECD1B96D1FF003D2EC2 /* contact_add@2x.png in Resources */,
				18DB9EBB1B95CB26003D2EC2 /* login_key@2x.png in Resources */,
				18DB9ECC1B96D1FF003D2EC2 /* contact_add_@2x.png in Resources */,
				18DB9EBA1B95CB26003D2EC2 /* login_input@2x.png in Resources */,
				18DB9EBC1B95CB26003D2EC2 /* log@2x.png in Resources */,
				18D5C5FB1B93305C0074EEEC /* tab_icon2_@2x.png in Resources */,
				18D5C5A21B930E6D0074EEEC /* Images.xcassets in Resources */,
			);
			runOnlyForDeploymentPostprocessing = 0;
		};
		18D5C5A81B930E6E0074EEEC /* Resources */ = {
			isa = PBXResourcesBuildPhase;
			buildActionMask = 2147483647;
			files = (
			);
			runOnlyForDeploymentPostprocessing = 0;
		};
/* End PBXResourcesBuildPhase section */

/* Begin PBXSourcesBuildPhase section */
		18D5C58A1B930E6D0074EEEC /* Sources */ = {
			isa = PBXSourcesBuildPhase;
			buildActionMask = 2147483647;
			files = (
				18D5C5971B930E6D0074EEEC /* AppDelegate.m in Sources */,
				18D5C5E51B9329DF0074EEEC /* LifeViewController.m in Sources */,
				18D5C5941B930E6D0074EEEC /* main.m in Sources */,
				18D5C59D1B930E6D0074EEEC /* ViewController.m in Sources */,
				18DAAAB21B95439500B659CB /* LoginViewController.m in Sources */,
				18DC72C61B949817009E3A85 /* RecentTableViewCell.m in Sources */,
				18D5C5EB1B932A150074EEEC /* CenterViewController.m in Sources */,
				18DB9EBF1B968EA3003D2EC2 /* MBProgressHUD.m in Sources */,
				18DB9EC51B969D14003D2EC2 /* UserService.m in Sources */,
				18E66B5C1B9314F700E3136A /* TableViewController.m in Sources */,
				18D5C59A1B930E6D0074EEEC /* colleage.xcdatamodeld in Sources */,
				1876908F1B93E01C005791E0 /* RootViewController.m in Sources */,
				18D5C5E81B9329FC0074EEEC /* FriendViewController.m in Sources */,
				18DB9ED91B96EB09003D2EC2 /* ContactTableViewController.m in Sources */,
				18D5C5DF1B9329660074EEEC /* HomeViewController.m in Sources */,
				18544CE71B942F4100043D73 /* CommonUtil.m in Sources */,
				18D5C5E21B9329BD0074EEEC /* StudyViewController.m in Sources */,
			);
			runOnlyForDeploymentPostprocessing = 0;
		};
		18D5C5A61B930E6E0074EEEC /* Sources */ = {
			isa = PBXSourcesBuildPhase;
			buildActionMask = 2147483647;
			files = (
				18D5C5B11B930E6E0074EEEC /* colleageTests.m in Sources */,
			);
			runOnlyForDeploymentPostprocessing = 0;
		};
/* End PBXSourcesBuildPhase section */

/* Begin PBXTargetDependency section */
		18D5C5AC1B930E6E0074EEEC /* PBXTargetDependency */ = {
			isa = PBXTargetDependency;
			target = 18D5C58D1B930E6D0074EEEC /* colleage */;
			targetProxy = 18D5C5AB1B930E6E0074EEEC /* PBXContainerItemProxy */;
		};
/* End PBXTargetDependency section */

/* Begin PBXVariantGroup section */
		18D5C59E1B930E6D0074EEEC /* Main.storyboard */ = {
			isa = PBXVariantGroup;
			children = (
				18D5C59F1B930E6D0074EEEC /* Base */,
			);
			name = Main.storyboard;
			sourceTree = "<group>";
		};
		18D5C5A31B930E6E0074EEEC /* LaunchScreen.xib */ = {
			isa = PBXVariantGroup;
			children = (
				18D5C5A41B930E6E0074EEEC /* Base */,
			);
			name = LaunchScreen.xib;
			sourceTree = "<group>";
		};
/* End PBXVariantGroup section */

/* Begin XCBuildConfiguration section */
		18D5C5B21B930E6E0074EEEC /* Debug */ = {
			isa = XCBuildConfiguration;
			buildSettings = {
				ALWAYS_SEARCH_USER_PATHS = NO;
				CLANG_CXX_LANGUAGE_STANDARD = "gnu++0x";
				CLANG_CXX_LIBRARY = "libc++";
				CLANG_ENABLE_MODULES = YES;
				CLANG_ENABLE_OBJC_ARC = YES;
				CLANG_WARN_BOOL_CONVERSION = YES;
				CLANG_WARN_CONSTANT_CONVERSION = YES;
				CLANG_WARN_DIRECT_OBJC_ISA_USAGE = YES_ERROR;
				CLANG_WARN_EMPTY_BODY = YES;
				CLANG_WARN_ENUM_CONVERSION = YES;
				CLANG_WARN_INT_CONVERSION = YES;
				CLANG_WARN_OBJC_ROOT_CLASS = YES_ERROR;
				CLANG_WARN_UNREACHABLE_CODE = YES;
				CLANG_WARN__DUPLICATE_METHOD_MATCH = YES;
				"CODE_SIGN_IDENTITY[sdk=iphoneos*]" = "iPhone Developer";
				COPY_PHASE_STRIP = NO;
				DEBUG_INFORMATION_FORMAT = "dwarf-with-dsym";
				ENABLE_STRICT_OBJC_MSGSEND = YES;
				GCC_C_LANGUAGE_STANDARD = gnu99;
				GCC_DYNAMIC_NO_PIC = NO;
				GCC_NO_COMMON_BLOCKS = YES;
				GCC_OPTIMIZATION_LEVEL = 0;
				GCC_PREPROCESSOR_DEFINITIONS = (
					"DEBUG=1",
					"$(inherited)",
				);
				GCC_SYMBOLS_PRIVATE_EXTERN = NO;
				GCC_WARN_64_TO_32_BIT_CONVERSION = YES;
				GCC_WARN_ABOUT_RETURN_TYPE = YES_ERROR;
				GCC_WARN_UNDECLARED_SELECTOR = YES;
				GCC_WARN_UNINITIALIZED_AUTOS = YES_AGGRESSIVE;
				GCC_WARN_UNUSED_FUNCTION = YES;
				GCC_WARN_UNUSED_VARIABLE = YES;
				IPHONEOS_DEPLOYMENT_TARGET = 8.4;
				MTL_ENABLE_DEBUG_INFO = YES;
				ONLY_ACTIVE_ARCH = YES;
				SDKROOT = iphoneos;
			};
			name = Debug;
		};
		18D5C5B31B930E6E0074EEEC /* Release */ = {
			isa = XCBuildConfiguration;
			buildSettings = {
				ALWAYS_SEARCH_USER_PATHS = NO;
				CLANG_CXX_LANGUAGE_STANDARD = "gnu++0x";
				CLANG_CXX_LIBRARY = "libc++";
				CLANG_ENABLE_MODULES = YES;
				CLANG_ENABLE_OBJC_ARC = YES;
				CLANG_WARN_BOOL_CONVERSION = YES;
				CLANG_WARN_CONSTANT_CONVERSION = YES;
				CLANG_WARN_DIRECT_OBJC_ISA_USAGE = YES_ERROR;
				CLANG_WARN_EMPTY_BODY = YES;
				CLANG_WARN_ENUM_CONVERSION = YES;
				CLANG_WARN_INT_CONVERSION = YES;
				CLANG_WARN_OBJC_ROOT_CLASS = YES_ERROR;
				CLANG_WARN_UNREACHABLE_CODE = YES;
				CLANG_WARN__DUPLICATE_METHOD_MATCH = YES;
				"CODE_SIGN_IDENTITY[sdk=iphoneos*]" = "iPhone Developer";
				COPY_PHASE_STRIP = NO;
				DEBUG_INFORMATION_FORMAT = "dwarf-with-dsym";
				ENABLE_NS_ASSERTIONS = NO;
				ENABLE_STRICT_OBJC_MSGSEND = YES;
				GCC_C_LANGUAGE_STANDARD = gnu99;
				GCC_NO_COMMON_BLOCKS = YES;
				GCC_WARN_64_TO_32_BIT_CONVERSION = YES;
				GCC_WARN_ABOUT_RETURN_TYPE = YES_ERROR;
				GCC_WARN_UNDECLARED_SELECTOR = YES;
				GCC_WARN_UNINITIALIZED_AUTOS = YES_AGGRESSIVE;
				GCC_WARN_UNUSED_FUNCTION = YES;
				GCC_WARN_UNUSED_VARIABLE = YES;
				IPHONEOS_DEPLOYMENT_TARGET = 8.4;
				MTL_ENABLE_DEBUG_INFO = NO;
				SDKROOT = iphoneos;
				VALIDATE_PRODUCT = YES;
			};
			name = Release;
		};
		18D5C5B51B930E6E0074EEEC /* Debug */ = {
			isa = XCBuildConfiguration;
			buildSettings = {
				ASSETCATALOG_COMPILER_APPICON_NAME = AppIcon;
				FRAMEWORK_SEARCH_PATHS = "$(PROJECT_DIR)";
				GCC_PRECOMPILE_PREFIX_HEADER = YES;
				GCC_PREFIX_HEADER = "colleage/colleage-PrefixHeader.pch";
				INFOPLIST_FILE = colleage/Info.plist;
				LD_RUNPATH_SEARCH_PATHS = "$(inherited) @executable_path/Frameworks";
				New_Setting = "";
				PRODUCT_NAME = "$(TARGET_NAME)";
			};
			name = Debug;
		};
		18D5C5B61B930E6E0074EEEC /* Release */ = {
			isa = XCBuildConfiguration;
			buildSettings = {
				ASSETCATALOG_COMPILER_APPICON_NAME = AppIcon;
				FRAMEWORK_SEARCH_PATHS = "$(PROJECT_DIR)";
				GCC_PRECOMPILE_PREFIX_HEADER = YES;
				GCC_PREFIX_HEADER = "colleage/colleage-PrefixHeader.pch";
				INFOPLIST_FILE = colleage/Info.plist;
				LD_RUNPATH_SEARCH_PATHS = "$(inherited) @executable_path/Frameworks";
				New_Setting = "";
				PRODUCT_NAME = "$(TARGET_NAME)";
			};
			name = Release;
		};
		18D5C5B81B930E6E0074EEEC /* Debug */ = {
			isa = XCBuildConfiguration;
			buildSettings = {
				BUNDLE_LOADER = "$(TEST_HOST)";
				FRAMEWORK_SEARCH_PATHS = (
					"$(SDKROOT)/Developer/Library/Frameworks",
					"$(inherited)",
				);
				GCC_PREPROCESSOR_DEFINITIONS = (
					"DEBUG=1",
					"$(inherited)",
				);
				INFOPLIST_FILE = colleageTests/Info.plist;
				LD_RUNPATH_SEARCH_PATHS = "$(inherited) @executable_path/Frameworks @loader_path/Frameworks";
				PRODUCT_NAME = "$(TARGET_NAME)";
				TEST_HOST = "$(BUILT_PRODUCTS_DIR)/colleage.app/colleage";
			};
			name = Debug;
		};
		18D5C5B91B930E6E0074EEEC /* Release */ = {
			isa = XCBuildConfiguration;
			buildSettings = {
				BUNDLE_LOADER = "$(TEST_HOST)";
				FRAMEWORK_SEARCH_PATHS = (
					"$(SDKROOT)/Developer/Library/Frameworks",
					"$(inherited)",
				);
				INFOPLIST_FILE = colleageTests/Info.plist;
				LD_RUNPATH_SEARCH_PATHS = "$(inherited) @executable_path/Frameworks @loader_path/Frameworks";
				PRODUCT_NAME = "$(TARGET_NAME)";
				TEST_HOST = "$(BUILT_PRODUCTS_DIR)/colleage.app/colleage";
			};
			name = Release;
		};
/* End XCBuildConfiguration section */

/* Begin XCConfigurationList section */
		18D5C5891B930E6D0074EEEC /* Build configuration list for PBXProject "colleage" */ = {
			isa = XCConfigurationList;
			buildConfigurations = (
				18D5C5B21B930E6E0074EEEC /* Debug */,
				18D5C5B31B930E6E0074EEEC /* Release */,
			);
			defaultConfigurationIsVisible = 0;
			defaultConfigurationName = Release;
		};
		18D5C5B41B930E6E0074EEEC /* Build configuration list for PBXNativeTarget "colleage" */ = {
			isa = XCConfigurationList;
			buildConfigurations = (
				18D5C5B51B930E6E0074EEEC /* Debug */,
				18D5C5B61B930E6E0074EEEC /* Release */,
			);
			defaultConfigurationIsVisible = 0;
			defaultConfigurationName = Release;
		};
		18D5C5B71B930E6E0074EEEC /* Build configuration list for PBXNativeTarget "colleageTests" */ = {
			isa = XCConfigurationList;
			buildConfigurations = (
				18D5C5B81B930E6E0074EEEC /* Debug */,
				18D5C5B91B930E6E0074EEEC /* Release */,
			);
			defaultConfigurationIsVisible = 0;
			defaultConfigurationName = Release;
		};
/* End XCConfigurationList section */

/* Begin XCVersionGroup section */
		18D5C5981B930E6D0074EEEC /* colleage.xcdatamodeld */ = {
			isa = XCVersionGroup;
			children = (
				18D5C5991B930E6D0074EEEC /* colleage.xcdatamodel */,
			);
			currentVersion = 18D5C5991B930E6D0074EEEC /* colleage.xcdatamodel */;
			path = colleage.xcdatamodeld;
			sourceTree = "<group>";
			versionGroupType = wrapper.xcdatamodel;
		};
/* End XCVersionGroup section */
	};
	rootObject = 18D5C5861B930E6D0074EEEC /* Project object */;
}
